// !$*UTF8*$!
{
	archiveVersion = 1;
	classes = {
	};
	objectVersion = 77;
	objects = {

/* Begin PBXBuildFile section */
		06D7E8F5534984E30AA8FB4F /* AppRoute.swift in Sources */ = {isa = PBXBuildFile; fileRef = 9CD008E34702294F4A30B767 /* AppRoute.swift */; };
		2BAF69580656A5858B9801F6 /* ScreenBackground.swift in Sources */ = {isa = PBXBuildFile; fileRef = 71379F5784533080DAC234FC /* ScreenBackground.swift */; };
		339DCDCF2901162EFA14943E /* PrimaryButtonStyle.swift in Sources */ = {isa = PBXBuildFile; fileRef = D2AD18E56FE8972AC57AE729 /* PrimaryButtonStyle.swift */; };
		3860C981FB3F7DF504822277 /* HuntActionBar.swift in Sources */ = {isa = PBXBuildFile; fileRef = D684F494BCD51ED0D000E85C /* HuntActionBar.swift */; };
		46F6EC52B9BA7632051BF0CE /* HuntSessionView.swift in Sources */ = {isa = PBXBuildFile; fileRef = 558A7E445C359CA14422D33A /* HuntSessionView.swift */; };
		4E9A5B366DC8D237700E20E2 /* SeenStore.swift in Sources */ = {isa = PBXBuildFile; fileRef = 6DBA76C9FFF63B5A11519C0A /* SeenStore.swift */; };
		537BEA906BC82E463C476F55 /* OnboardingView.swift in Sources */ = {isa = PBXBuildFile; fileRef = C386788F2177BB45AB6C50A3 /* OnboardingView.swift */; };
		57BCD1DCA21116B074C06AAA /* HuntSessionModel.swift in Sources */ = {isa = PBXBuildFile; fileRef = 6E1326D17E451AFFDFB4C4BA /* HuntSessionModel.swift */; };
		5B8922B7DA7398F3F50B612A /* DeleteQueueView.swift in Sources */ = {isa = PBXBuildFile; fileRef = 182F13AED7BDACB7D3A32F03 /* DeleteQueueView.swift */; };
		5BCF66F282C4BC5A5FC1684C /* HuntFinishedView.swift in Sources */ = {isa = PBXBuildFile; fileRef = 31862C93A669253B36D485D0 /* HuntFinishedView.swift */; };
		6339E5C3FCFAFA4329715816 /* PhotoLibraryService.swift in Sources */ = {isa = PBXBuildFile; fileRef = 6B7CAFF217D4C9095451B861 /* PhotoLibraryService.swift */; };
		77357F86EA11C74560E01B89 /* AppSettings.swift in Sources */ = {isa = PBXBuildFile; fileRef = BD88FD1E42E31B9FD43B6A01 /* AppSettings.swift */; };
		7D4F49825730386F085C7726 /* PhotoAssetImage.swift in Sources */ = {isa = PBXBuildFile; fileRef = 5C1581F6E5C31E9553220D27 /* PhotoAssetImage.swift */; };
		80ACEA03DB3F678B53C7AD22 /* HuntConfiguration.swift in Sources */ = {isa = PBXBuildFile; fileRef = EF0347C2E894C0B0914BE180 /* HuntConfiguration.swift */; };
		84EA8D3EFED66DA256308316 /* CleanderTheme.swift in Sources */ = {isa = PBXBuildFile; fileRef = 2E0C9CEB450879452F55A5D3 /* CleanderTheme.swift */; };
		8C1B90587914FC2AE6FA26C3 /* HomeView.swift in Sources */ = {isa = PBXBuildFile; fileRef = A5C740D2E939BD692B15BFC0 /* HomeView.swift */; };
		8DE5F8B7BF57A73D2B0AB8ED /* StatCard.swift in Sources */ = {isa = PBXBuildFile; fileRef = CC8BFE5E84721AEE965B5883 /* StatCard.swift */; };
		959FFFE9444B7DD5442259D6 /* AppMark.swift in Sources */ = {isa = PBXBuildFile; fileRef = 0A5E9B4B02022364913F9F97 /* AppMark.swift */; };
		96D05F5DED607A5E1301AFCD /* SwipeDirection.swift in Sources */ = {isa = PBXBuildFile; fileRef = 4E8571D263548E94A48B20BD /* SwipeDirection.swift */; };
		9C4C5E06F86DFFC7BEB4AEE2 /* HuntSetupView.swift in Sources */ = {isa = PBXBuildFile; fileRef = 3CB809CB73E729897380D28A /* HuntSetupView.swift */; };
		A0C70FFE485313BCC38632BD /* CleanderApp.swift in Sources */ = {isa = PBXBuildFile; fileRef = A5840805AD301C5093C716A4 /* CleanderApp.swift */; };
		AC63B84C1ED1B0AF67586CBB /* Assets.xcassets in Resources */ = {isa = PBXBuildFile; fileRef = 4170358BBDD5163694E980EA /* Assets.xcassets */; };
		B2504D6D1AE23229B833C0F2 /* AppModel.swift in Sources */ = {isa = PBXBuildFile; fileRef = E6B2854477206D48D4C61985 /* AppModel.swift */; };
		B99304980B548E3429F84911 /* SettingsView.swift in Sources */ = {isa = PBXBuildFile; fileRef = 604F25512E1C8296EB0B358E /* SettingsView.swift */; };
		BBAFB6C0612B4159E00F17AC /* AlbumOption.swift in Sources */ = {isa = PBXBuildFile; fileRef = 89F1041908C07A190A77A50B /* AlbumOption.swift */; };
		C482D520C82D9B9BB92A4BB1 /* RootView.swift in Sources */ = {isa = PBXBuildFile; fileRef = 35EAC282B0CFE24A04375D00 /* RootView.swift */; };
		CDDA33758DC7596B71C3C94D /* FeatureRow.swift in Sources */ = {isa = PBXBuildFile; fileRef = 225E4986CE0CD04E52C99657 /* FeatureRow.swift */; };
		E4A0A02C1227EA2B7949973E /* HuntActionButton.swift in Sources */ = {isa = PBXBuildFile; fileRef = 553A280014C2E111D8074640 /* HuntActionButton.swift */; };
		E9B0970183CD98C8B7AA87A0 /* SwipeCardView.swift in Sources */ = {isa = PBXBuildFile; fileRef = 42877455DFAE7F3F0A53842F /* SwipeCardView.swift */; };
		F5D3FE0744F6F72FEA082936 /* HuntSessionHeader.swift in Sources */ = {isa = PBXBuildFile; fileRef = 481DBD798EA5ACB60BD57235 /* HuntSessionHeader.swift */; };
/* End PBXBuildFile section */

/* Begin PBXFileReference section */
		0A5E9B4B02022364913F9F97 /* AppMark.swift */ = {isa = PBXFileReference; lastKnownFileType = sourcecode.swift; path = AppMark.swift; sourceTree = "<group>"; };
		182F13AED7BDACB7D3A32F03 /* DeleteQueueView.swift */ = {isa = PBXFileReference; lastKnownFileType = sourcecode.swift; path = DeleteQueueView.swift; sourceTree = "<group>"; };
		225E4986CE0CD04E52C99657 /* FeatureRow.swift */ = {isa = PBXFileReference; lastKnownFileType = sourcecode.swift; path = FeatureRow.swift; sourceTree = "<group>"; };
		2E0C9CEB450879452F55A5D3 /* CleanderTheme.swift */ = {isa = PBXFileReference; lastKnownFileType = sourcecode.swift; path = CleanderTheme.swift; sourceTree = "<group>"; };
		31862C93A669253B36D485D0 /* HuntFinishedView.swift */ = {isa = PBXFileReference; lastKnownFileType = sourcecode.swift; path = HuntFinishedView.swift; sourceTree = "<group>"; };
		35EAC282B0CFE24A04375D00 /* RootView.swift */ = {isa = PBXFileReference; lastKnownFileType = sourcecode.swift; path = RootView.swift; sourceTree = "<group>"; };
		3CB809CB73E729897380D28A /* HuntSetupView.swift */ = {isa = PBXFileReference; lastKnownFileType = sourcecode.swift; path = HuntSetupView.swift; sourceTree = "<group>"; };
		4170358BBDD5163694E980EA /* Assets.xcassets */ = {isa = PBXFileReference; lastKnownFileType = folder.assetcatalog; path = Assets.xcassets; sourceTree = "<group>"; };
		42877455DFAE7F3F0A53842F /* SwipeCardView.swift */ = {isa = PBXFileReference; lastKnownFileType = sourcecode.swift; path = SwipeCardView.swift; sourceTree = "<group>"; };
		481DBD798EA5ACB60BD57235 /* HuntSessionHeader.swift */ = {isa = PBXFileReference; lastKnownFileType = sourcecode.swift; path = HuntSessionHeader.swift; sourceTree = "<group>"; };
		4E8571D263548E94A48B20BD /* SwipeDirection.swift */ = {isa = PBXFileReference; lastKnownFileType = sourcecode.swift; path = SwipeDirection.swift; sourceTree = "<group>"; };
		553A280014C2E111D8074640 /* HuntActionButton.swift */ = {isa = PBXFileReference; lastKnownFileType = sourcecode.swift; path = HuntActionButton.swift; sourceTree = "<group>"; };
		558A7E445C359CA14422D33A /* HuntSessionView.swift */ = {isa = PBXFileReference; lastKnownFileType = sourcecode.swift; path = HuntSessionView.swift; sourceTree = "<group>"; };
		5C1581F6E5C31E9553220D27 /* PhotoAssetImage.swift */ = {isa = PBXFileReference; lastKnownFileType = sourcecode.swift; path = PhotoAssetImage.swift; sourceTree = "<group>"; };
		604F25512E1C8296EB0B358E /* SettingsView.swift */ = {isa = PBXFileReference; lastKnownFileType = sourcecode.swift; path = SettingsView.swift; sourceTree = "<group>"; };
		63E2199F1CC1122F1A4BD3FC /* Cleander.app */ = {isa = PBXFileReference; includeInIndex = 0; lastKnownFileType = wrapper.application; path = Cleander.app; sourceTree = BUILT_PRODUCTS_DIR; };
		6B7CAFF217D4C9095451B861 /* PhotoLibraryService.swift */ = {isa = PBXFileReference; lastKnownFileType = sourcecode.swift; path = PhotoLibraryService.swift; sourceTree = "<group>"; };
		6DBA76C9FFF63B5A11519C0A /* SeenStore.swift */ = {isa = PBXFileReference; lastKnownFileType = sourcecode.swift; path = SeenStore.swift; sourceTree = "<group>"; };
		6E1326D17E451AFFDFB4C4BA /* HuntSessionModel.swift */ = {isa = PBXFileReference; lastKnownFileType = sourcecode.swift; path = HuntSessionModel.swift; sourceTree = "<group>"; };
		71379F5784533080DAC234FC /* ScreenBackground.swift */ = {isa = PBXFileReference; lastKnownFileType = sourcecode.swift; path = ScreenBackground.swift; sourceTree = "<group>"; };
		89F1041908C07A190A77A50B /* AlbumOption.swift */ = {isa = PBXFileReference; lastKnownFileType = sourcecode.swift; path = AlbumOption.swift; sourceTree = "<group>"; };
		9B65BF9C1282B6B4491774A6 /* Info.plist */ = {isa = PBXFileReference; lastKnownFileType = text.plist; path = Info.plist; sourceTree = "<group>"; };
		9CD008E34702294F4A30B767 /* AppRoute.swift */ = {isa = PBXFileReference; lastKnownFileType = sourcecode.swift; path = AppRoute.swift; sourceTree = "<group>"; };
		A5840805AD301C5093C716A4 /* CleanderApp.swift */ = {isa = PBXFileReference; lastKnownFileType = sourcecode.swift; path = CleanderApp.swift; sourceTree = "<group>"; };
		A5C740D2E939BD692B15BFC0 /* HomeView.swift */ = {isa = PBXFileReference; lastKnownFileType = sourcecode.swift; path = HomeView.swift; sourceTree = "<group>"; };
		BD88FD1E42E31B9FD43B6A01 /* AppSettings.swift */ = {isa = PBXFileReference; lastKnownFileType = sourcecode.swift; path = AppSettings.swift; sourceTree = "<group>"; };
		C386788F2177BB45AB6C50A3 /* OnboardingView.swift */ = {isa = PBXFileReference; lastKnownFileType = sourcecode.swift; path = OnboardingView.swift; sourceTree = "<group>"; };
		CC8BFE5E84721AEE965B5883 /* StatCard.swift */ = {isa = PBXFileReference; lastKnownFileType = sourcecode.swift; path = StatCard.swift; sourceTree = "<group>"; };
		D2AD18E56FE8972AC57AE729 /* PrimaryButtonStyle.swift */ = {isa = PBXFileReference; lastKnownFileType = sourcecode.swift; path = PrimaryButtonStyle.swift; sourceTree = "<group>"; };
		D684F494BCD51ED0D000E85C /* HuntActionBar.swift */ = {isa = PBXFileReference; lastKnownFileType = sourcecode.swift; path = HuntActionBar.swift; sourceTree = "<group>"; };
		E6B2854477206D48D4C61985 /* AppModel.swift */ = {isa = PBXFileReference; lastKnownFileType = sourcecode.swift; path = AppModel.swift; sourceTree = "<group>"; };
		EF0347C2E894C0B0914BE180 /* HuntConfiguration.swift */ = {isa = PBXFileReference; lastKnownFileType = sourcecode.swift; path = HuntConfiguration.swift; sourceTree = "<group>"; };
/* End PBXFileReference section */

/* Begin PBXGroup section */
		0421F13BC944E81C79E84B28 /* Hunt */ = {
			isa = PBXGroup;
			children = (
				D684F494BCD51ED0D000E85C /* HuntActionBar.swift */,
				553A280014C2E111D8074640 /* HuntActionButton.swift */,
				EF0347C2E894C0B0914BE180 /* HuntConfiguration.swift */,
				31862C93A669253B36D485D0 /* HuntFinishedView.swift */,
				481DBD798EA5ACB60BD57235 /* HuntSessionHeader.swift */,
				6E1326D17E451AFFDFB4C4BA /* HuntSessionModel.swift */,
				558A7E445C359CA14422D33A /* HuntSessionView.swift */,
				3CB809CB73E729897380D28A /* HuntSetupView.swift */,
			);
			path = Hunt;
			sourceTree = "<group>";
		};
		45E01117D8FB107C4CC94C84 /* Products */ = {
			isa = PBXGroup;
			children = (
				63E2199F1CC1122F1A4BD3FC /* Cleander.app */,
			);
			name = Products;
			sourceTree = "<group>";
		};
		50DB39DA90C9F950DEE5B5D6 /* Onboarding */ = {
			isa = PBXGroup;
			children = (
				225E4986CE0CD04E52C99657 /* FeatureRow.swift */,
				C386788F2177BB45AB6C50A3 /* OnboardingView.swift */,
			);
			path = Onboarding;
			sourceTree = "<group>";
		};
		95ED468A3D62FB8B7317C778 /* Photos */ = {
			isa = PBXGroup;
			children = (
				89F1041908C07A190A77A50B /* AlbumOption.swift */,
				5C1581F6E5C31E9553220D27 /* PhotoAssetImage.swift */,
				6B7CAFF217D4C9095451B861 /* PhotoLibraryService.swift */,
			);
			path = Photos;
			sourceTree = "<group>";
		};
		988FD600CDBBBC1179B928FA /* Settings */ = {
			isa = PBXGroup;
			children = (
				BD88FD1E42E31B9FD43B6A01 /* AppSettings.swift */,
				6DBA76C9FFF63B5A11519C0A /* SeenStore.swift */,
				604F25512E1C8296EB0B358E /* SettingsView.swift */,
			);
			path = Settings;
			sourceTree = "<group>";
		};
		A6D87C47210CD77D709D1D36 /* Swipe */ = {
			isa = PBXGroup;
			children = (
				42877455DFAE7F3F0A53842F /* SwipeCardView.swift */,
				4E8571D263548E94A48B20BD /* SwipeDirection.swift */,
			);
			path = Swipe;
			sourceTree = "<group>";
		};
		ADD56E512BC451DF6820BC1C /* Design */ = {
			isa = PBXGroup;
			children = (
				0A5E9B4B02022364913F9F97 /* AppMark.swift */,
				2E0C9CEB450879452F55A5D3 /* CleanderTheme.swift */,
				D2AD18E56FE8972AC57AE729 /* PrimaryButtonStyle.swift */,
				71379F5784533080DAC234FC /* ScreenBackground.swift */,
				CC8BFE5E84721AEE965B5883 /* StatCard.swift */,
			);
			path = Design;
			sourceTree = "<group>";
		};
		CF17F0DA893F35938771FD17 /* App */ = {
			isa = PBXGroup;
			children = (
				E6B2854477206D48D4C61985 /* AppModel.swift */,
				9CD008E34702294F4A30B767 /* AppRoute.swift */,
				A5840805AD301C5093C716A4 /* CleanderApp.swift */,
				A5C740D2E939BD692B15BFC0 /* HomeView.swift */,
				35EAC282B0CFE24A04375D00 /* RootView.swift */,
			);
			path = App;
			sourceTree = "<group>";
		};
		D502DC585761935B9FB68967 /* Queue */ = {
			isa = PBXGroup;
			children = (
				182F13AED7BDACB7D3A32F03 /* DeleteQueueView.swift */,
			);
			path = Queue;
			sourceTree = "<group>";
		};
		DD19D9DE5883025B4EA1A761 /* Cleander */ = {
			isa = PBXGroup;
			children = (
				4170358BBDD5163694E980EA /* Assets.xcassets */,
				9B65BF9C1282B6B4491774A6 /* Info.plist */,
				CF17F0DA893F35938771FD17 /* App */,
				ADD56E512BC451DF6820BC1C /* Design */,
				0421F13BC944E81C79E84B28 /* Hunt */,
				50DB39DA90C9F950DEE5B5D6 /* Onboarding */,
				95ED468A3D62FB8B7317C778 /* Photos */,
				D502DC585761935B9FB68967 /* Queue */,
				988FD600CDBBBC1179B928FA /* Settings */,
				A6D87C47210CD77D709D1D36 /* Swipe */,
			);
			path = Cleander;
			sourceTree = "<group>";
		};
		FF1F871BF4F0D6A0CD1CDC0E = {
			isa = PBXGroup;
			children = (
				DD19D9DE5883025B4EA1A761 /* Cleander */,
				45E01117D8FB107C4CC94C84 /* Products */,
			);
			sourceTree = "<group>";
		};
/* End PBXGroup section */

/* Begin PBXNativeTarget section */
		50FECB74B33B3A8CE725FA30 /* Cleander */ = {
			isa = PBXNativeTarget;
			buildConfigurationList = 914688B44C6ACCDF8632B148 /* Build configuration list for PBXNativeTarget "Cleander" */;
			buildPhases = (
				238FCD0B0A95ED2083B5150F /* Sources */,
				5EEDCCD1A7573205E1C3EFE5 /* Resources */,
			);
			buildRules = (
			);
			dependencies = (
			);
			name = Cleander;
			packageProductDependencies = (
			);
			productName = Cleander;
			productReference = 63E2199F1CC1122F1A4BD3FC /* Cleander.app */;
			productType = "com.apple.product-type.application";
		};
/* End PBXNativeTarget section */

/* Begin PBXProject section */
		34056AFE29677B93D4DC3280 /* Project object */ = {
			isa = PBXProject;
			attributes = {
				BuildIndependentTargetsInParallel = YES;
				LastUpgradeCheck = 1600;
				TargetAttributes = {
					50FECB74B33B3A8CE725FA30 = {
						DevelopmentTeam = "";
					};
				};
			};
			buildConfigurationList = 551D39AC78FABFF4DC19388F /* Build configuration list for PBXProject "Cleander" */;
			developmentRegion = en;
			hasScannedForEncodings = 0;
			knownRegions = (
				Base,
				en,
			);
			mainGroup = FF1F871BF4F0D6A0CD1CDC0E;
			minimizedProjectReferenceProxies = 1;
			preferredProjectObjectVersion = 77;
			productRefGroup = 45E01117D8FB107C4CC94C84 /* Products */;
			projectDirPath = "";
			projectRoot = "";
			targets = (
				50FECB74B33B3A8CE725FA30 /* Cleander */,
			);
		};
/* End PBXProject section */

/* Begin PBXResourcesBuildPhase section */
		5EEDCCD1A7573205E1C3EFE5 /* Resources */ = {
			isa = PBXResourcesBuildPhase;
			buildActionMask = 2147483647;
			files = (
				AC63B84C1ED1B0AF67586CBB /* Assets.xcassets in Resources */,
			);
			runOnlyForDeploymentPostprocessing = 0;
		};
/* End PBXResourcesBuildPhase section */

/* Begin PBXSourcesBuildPhase section */
		238FCD0B0A95ED2083B5150F /* Sources */ = {
			isa = PBXSourcesBuildPhase;
			buildActionMask = 2147483647;
			files = (
				BBAFB6C0612B4159E00F17AC /* AlbumOption.swift in Sources */,
				959FFFE9444B7DD5442259D6 /* AppMark.swift in Sources */,
				B2504D6D1AE23229B833C0F2 /* AppModel.swift in Sources */,
				06D7E8F5534984E30AA8FB4F /* AppRoute.swift in Sources */,
				77357F86EA11C74560E01B89 /* AppSettings.swift in Sources */,
				A0C70FFE485313BCC38632BD /* CleanderApp.swift in Sources */,
				84EA8D3EFED66DA256308316 /* CleanderTheme.swift in Sources */,
				5B8922B7DA7398F3F50B612A /* DeleteQueueView.swift in Sources */,
				CDDA33758DC7596B71C3C94D /* FeatureRow.swift in Sources */,
				8C1B90587914FC2AE6FA26C3 /* HomeView.swift in Sources */,
				3860C981FB3F7DF504822277 /* HuntActionBar.swift in Sources */,
				E4A0A02C1227EA2B7949973E /* HuntActionButton.swift in Sources */,
				80ACEA03DB3F678B53C7AD22 /* HuntConfiguration.swift in Sources */,
				5BCF66F282C4BC5A5FC1684C /* HuntFinishedView.swift in Sources */,
				F5D3FE0744F6F72FEA082936 /* HuntSessionHeader.swift in Sources */,
				57BCD1DCA21116B074C06AAA /* HuntSessionModel.swift in Sources */,
				46F6EC52B9BA7632051BF0CE /* HuntSessionView.swift in Sources */,
				9C4C5E06F86DFFC7BEB4AEE2 /* HuntSetupView.swift in Sources */,
				537BEA906BC82E463C476F55 /* OnboardingView.swift in Sources */,
				7D4F49825730386F085C7726 /* PhotoAssetImage.swift in Sources */,
				6339E5C3FCFAFA4329715816 /* PhotoLibraryService.swift in Sources */,
				339DCDCF2901162EFA14943E /* PrimaryButtonStyle.swift in Sources */,
				C482D520C82D9B9BB92A4BB1 /* RootView.swift in Sources */,
				2BAF69580656A5858B9801F6 /* ScreenBackground.swift in Sources */,
				4E9A5B366DC8D237700E20E2 /* SeenStore.swift in Sources */,
				B99304980B548E3429F84911 /* SettingsView.swift in Sources */,
				8DE5F8B7BF57A73D2B0AB8ED /* StatCard.swift in Sources */,
				E9B0970183CD98C8B7AA87A0 /* SwipeCardView.swift in Sources */,
				96D05F5DED607A5E1301AFCD /* SwipeDirection.swift in Sources */,
			);
			runOnlyForDeploymentPostprocessing = 0;
		};
/* End PBXSourcesBuildPhase section */

/* Begin XCBuildConfiguration section */
		1A7E19756DB1A168F55D4E18 /* Debug */ = {
			isa = XCBuildConfiguration;
			buildSettings = {
				ASSETCATALOG_COMPILER_APPICON_NAME = AppIcon;
				ASSETCATALOG_COMPILER_GLOBAL_ACCENT_COLOR_NAME = AccentColor;
				CODE_SIGN_IDENTITY = "iPhone Developer";
				INFOPLIST_FILE = Cleander/Info.plist;
				LD_RUNPATH_SEARCH_PATHS = (
					"$(inherited)",
					"@executable_path/Frameworks",
				);
				SDKROOT = iphoneos;
				TARGETED_DEVICE_FAMILY = "1,2";
			};
			name = Debug;
		};
		4C2998759D3D48082244DDD0 /* Release */ = {
			isa = XCBuildConfiguration;
			buildSettings = {
				ASSETCATALOG_COMPILER_APPICON_NAME = AppIcon;
				ASSETCATALOG_COMPILER_GLOBAL_ACCENT_COLOR_NAME = AccentColor;
				CODE_SIGN_IDENTITY = "iPhone Developer";
				INFOPLIST_FILE = Cleander/Info.plist;
				LD_RUNPATH_SEARCH_PATHS = (
					"$(inherited)",
					"@executable_path/Frameworks",
				);
				SDKROOT = iphoneos;
				TARGETED_DEVICE_FAMILY = "1,2";
			};
			name = Release;
		};
		C830DC27FA312F659180BAA8 /* Debug */ = {
			isa = XCBuildConfiguration;
			buildSettings = {
				ALWAYS_SEARCH_USER_PATHS = NO;
				CLANG_ANALYZER_NONNULL = YES;
				CLANG_ANALYZER_NUMBER_OBJECT_CONVERSION = YES_AGGRESSIVE;
				CLANG_CXX_LANGUAGE_STANDARD = "gnu++14";
				CLANG_CXX_LIBRARY = "libc++";
				CLANG_ENABLE_MODULES = YES;
				CLANG_ENABLE_OBJC_ARC = YES;
				CLANG_ENABLE_OBJC_WEAK = YES;
				CLANG_WARN_BLOCK_CAPTURE_AUTORELEASING = YES;
				CLANG_WARN_BOOL_CONVERSION = YES;
				CLANG_WARN_COMMA = YES;
				CLANG_WARN_CONSTANT_CONVERSION = YES;
				CLANG_WARN_DEPRECATED_OBJC_IMPLEMENTATIONS = YES;
				CLANG_WARN_DIRECT_OBJC_ISA_USAGE = YES_ERROR;
				CLANG_WARN_DOCUMENTATION_COMMENTS = YES;
				CLANG_WARN_EMPTY_BODY = YES;
				CLANG_WARN_ENUM_CONVERSION = YES;
				CLANG_WARN_INFINITE_RECURSION = YES;
				CLANG_WARN_INT_CONVERSION = YES;
				CLANG_WARN_NON_LITERAL_NULL_CONVERSION = YES;
				CLANG_WARN_OBJC_IMPLICIT_RETAIN_SELF = YES;
				CLANG_WARN_OBJC_LITERAL_CONVERSION = YES;
				CLANG_WARN_OBJC_ROOT_CLASS = YES_ERROR;
				CLANG_WARN_QUOTED_INCLUDE_IN_FRAMEWORK_HEADER = YES;
				CLANG_WARN_RANGE_LOOP_ANALYSIS = YES;
				CLANG_WARN_STRICT_PROTOTYPES = YES;
				CLANG_WARN_SUSPICIOUS_MOVE = YES;
				CLANG_WARN_UNGUARDED_AVAILABILITY = YES_AGGRESSIVE;
				CLANG_WARN_UNREACHABLE_CODE = YES;
				CLANG_WARN__DUPLICATE_METHOD_MATCH = YES;
				COPY_PHASE_STRIP = NO;
				CURRENT_PROJECT_VERSION = 1;
				DEBUG_INFORMATION_FORMAT = dwarf;
				DEVELOPMENT_TEAM = "";
				ENABLE_STRICT_OBJC_MSGSEND = YES;
				ENABLE_TESTABILITY = YES;
				GCC_C_LANGUAGE_STANDARD = gnu11;
				GCC_DYNAMIC_NO_PIC = NO;
				GCC_NO_COMMON_BLOCKS = YES;
				GCC_OPTIMIZATION_LEVEL = 0;
				GCC_PREPROCESSOR_DEFINITIONS = (
					"$(inherited)",
					"DEBUG=1",
				);
				GCC_WARN_64_TO_32_BIT_CONVERSION = YES;
				GCC_WARN_ABOUT_RETURN_TYPE = YES_ERROR;
				GCC_WARN_UNDECLARED_SELECTOR = YES;
				GCC_WARN_UNINITIALIZED_AUTOS = YES_AGGRESSIVE;
				GCC_WARN_UNUSED_FUNCTION = YES;
				GCC_WARN_UNUSED_VARIABLE = YES;
				GENERATE_INFOPLIST_FILE = NO;
				INFOPLIST_FILE = Cleander/Info.plist;
				IPHONEOS_DEPLOYMENT_TARGET = 18.0;
				MARKETING_VERSION = 1.0;
				MTL_ENABLE_DEBUG_INFO = INCLUDE_SOURCE;
				MTL_FAST_MATH = YES;
				ONLY_ACTIVE_ARCH = YES;
				PRODUCT_BUNDLE_IDENTIFIER = com.imaad.cleander;
				PRODUCT_NAME = "$(TARGET_NAME)";
				SDKROOT = iphoneos;
				SWIFT_ACTIVE_COMPILATION_CONDITIONS = DEBUG;
				SWIFT_OPTIMIZATION_LEVEL = "-Onone";
				SWIFT_VERSION = 6.0;
				TARGETED_DEVICE_FAMILY = 1;
			};
			name = Debug;
		};
		DFF9F1BB343A3F8FA8E4A03F /* Release */ = {
			isa = XCBuildConfiguration;
			buildSettings = {
				ALWAYS_SEARCH_USER_PATHS = NO;
				CLANG_ANALYZER_NONNULL = YES;
				CLANG_ANALYZER_NUMBER_OBJECT_CONVERSION = YES_AGGRESSIVE;
				CLANG_CXX_LANGUAGE_STANDARD = "gnu++14";
				CLANG_CXX_LIBRARY = "libc++";
				CLANG_ENABLE_MODULES = YES;
				CLANG_ENABLE_OBJC_ARC = YES;
				CLANG_ENABLE_OBJC_WEAK = YES;
				CLANG_WARN_BLOCK_CAPTURE_AUTORELEASING = YES;
				CLANG_WARN_BOOL_CONVERSION = YES;
				CLANG_WARN_COMMA = YES;
				CLANG_WARN_CONSTANT_CONVERSION = YES;
				CLANG_WARN_DEPRECATED_OBJC_IMPLEMENTATIONS = YES;
				CLANG_WARN_DIRECT_OBJC_ISA_USAGE = YES_ERROR;
				CLANG_WARN_DOCUMENTATION_COMMENTS = YES;
				CLANG_WARN_EMPTY_BODY = YES;
				CLANG_WARN_ENUM_CONVERSION = YES;
				CLANG_WARN_INFINITE_RECURSION = YES;
				CLANG_WARN_INT_CONVERSION = YES;
				CLANG_WARN_NON_LITERAL_NULL_CONVERSION = YES;
				CLANG_WARN_OBJC_IMPLICIT_RETAIN_SELF = YES;
				CLANG_WARN_OBJC_LITERAL_CONVERSION = YES;
				CLANG_WARN_OBJC_ROOT_CLASS = YES_ERROR;
				CLANG_WARN_QUOTED_INCLUDE_IN_FRAMEWORK_HEADER = YES;
				CLANG_WARN_RANGE_LOOP_ANALYSIS = YES;
				CLANG_WARN_STRICT_PROTOTYPES = YES;
				CLANG_WARN_SUSPICIOUS_MOVE = YES;
				CLANG_WARN_UNGUARDED_AVAILABILITY = YES_AGGRESSIVE;
				CLANG_WARN_UNREACHABLE_CODE = YES;
				CLANG_WARN__DUPLICATE_METHOD_MATCH = YES;
				COPY_PHASE_STRIP = NO;
				CURRENT_PROJECT_VERSION = 1;
				DEBUG_INFORMATION_FORMAT = "dwarf-with-dsym";
				DEVELOPMENT_TEAM = "";
				ENABLE_NS_ASSERTIONS = NO;
				ENABLE_STRICT_OBJC_MSGSEND = YES;
				GCC_C_LANGUAGE_STANDARD = gnu11;
				GCC_NO_COMMON_BLOCKS = YES;
				GCC_WARN_64_TO_32_BIT_CONVERSION = YES;
				GCC_WARN_ABOUT_RETURN_TYPE = YES_ERROR;
				GCC_WARN_UNDECLARED_SELECTOR = YES;
				GCC_WARN_UNINITIALIZED_AUTOS = YES_AGGRESSIVE;
				GCC_WARN_UNUSED_FUNCTION = YES;
				GCC_WARN_UNUSED_VARIABLE = YES;
				GENERATE_INFOPLIST_FILE = NO;
				INFOPLIST_FILE = Cleander/Info.plist;
				IPHONEOS_DEPLOYMENT_TARGET = 18.0;
				MARKETING_VERSION = 1.0;
				MTL_ENABLE_DEBUG_INFO = NO;
				MTL_FAST_MATH = YES;
				PRODUCT_BUNDLE_IDENTIFIER = com.imaad.cleander;
				PRODUCT_NAME = "$(TARGET_NAME)";
				SDKROOT = iphoneos;
				SWIFT_COMPILATION_MODE = wholemodule;
				SWIFT_OPTIMIZATION_LEVEL = "-O";
				SWIFT_VERSION = 6.0;
				TARGETED_DEVICE_FAMILY = 1;
			};
			name = Release;
		};
/* End XCBuildConfiguration section */

/* Begin XCConfigurationList section */
		551D39AC78FABFF4DC19388F /* Build configuration list for PBXProject "Cleander" */ = {
			isa = XCConfigurationList;
			buildConfigurations = (
				C830DC27FA312F659180BAA8 /* Debug */,
				DFF9F1BB343A3F8FA8E4A03F /* Release */,
			);
			defaultConfigurationIsVisible = 0;
			defaultConfigurationName = Debug;
		};
		914688B44C6ACCDF8632B148 /* Build configuration list for PBXNativeTarget "Cleander" */ = {
			isa = XCConfigurationList;
			buildConfigurations = (
				1A7E19756DB1A168F55D4E18 /* Debug */,
				4C2998759D3D48082244DDD0 /* Release */,
			);
			defaultConfigurationIsVisible = 0;
			defaultConfigurationName = Debug;
		};
/* End XCConfigurationList section */
	};
	rootObject = 34056AFE29677B93D4DC3280 /* Project object */;
}
